
Microsoft Visual Studio Solution File, Format Version 12.00
# Visual Studio 15
VisualStudioVersion = 15.0.28307.1259
MinimumVisualStudioVersion = 10.0.40219.1
Project("{FAE04EC0-301F-11D3-BF4B-00C04F79EFBC}") = "HD_admin", "HD_admin\HD_admin.csproj", "{E751EACB-67ED-486A-B8A7-7E6F99BCFE8E}"
EndProject
Global
	GlobalSection(SolutionConfigurationPlatforms) = preSolution
		Debug|Any CPU = Debug|Any CPU
		Release|Any CPU = Release|Any CPU
	EndGlobalSection
	GlobalSection(ProjectConfigurationPlatforms) = postSolution
		{E751EACB-67ED-486A-B8A7-7E6F99BCFE8E}.Debug|Any CPU.ActiveCfg = Debug|Any CPU
		{E751EACB-67ED-486A-B8A7-7E6F99BCFE8E}.Debug|Any CPU.Build.0 = Debug|Any CPU
		{E751EACB-67ED-486A-B8A7-7E6F99BCFE8E}.Release|Any CPU.ActiveCfg = Release|Any CPU
		{E751EACB-67ED-486A-B8A7-7E6F99BCFE8E}.Release|Any CPU.Build.0 = Release|Any CPU
	EndGlobalSection
	GlobalSection(SolutionProperties) = preSolution
		HideSolutionNode = FALSE
	EndGlobalSection
	GlobalSection(ExtensibilityGlobals) = postSolution
		SolutionGuid = {818DCF36-2D20-4D62-98C2-980C53EBE83B}
	EndGlobalSection
EndGlobal
